
Microsoft Visual Studio Solution File, Format Version 12.00
# Visual Studio Version 17
VisualStudioVersion = 17.0.32112.339
MinimumVisualStudioVersion = 10.0.40219.1
Project("{FAE04EC0-301F-11D3-BF4B-00C04F79EFBC}") = "Main", "Main\Main.csproj", "{3A372467-150D-45B4-8AC3-F0113ED1DC3E}"
EndProject
Global
	GlobalSection(SolutionConfigurationPlatforms) = preSolution
		Debug|Any CPU = Debug|Any CPU
		Release|Any CPU = Release|Any CPU
	EndGlobalSection
	GlobalSection(ProjectConfigurationPlatforms) = postSolution
		{3A372467-150D-45B4-8AC3-F0113ED1DC3E}.Debug|Any CPU.ActiveCfg = Debug|Any CPU
		{3A372467-150D-45B4-8AC3-F0113ED1DC3E}.Debug|Any CPU.Build.0 = Debug|Any CPU
		{3A372467-150D-45B4-8AC3-F0113ED1DC3E}.Release|Any CPU.ActiveCfg = Release|Any CPU
		{3A372467-150D-45B4-8AC3-F0113ED1DC3E}.Release|Any CPU.Build.0 = Release|Any CPU
	EndGlobalSection
	GlobalSection(SolutionProperties) = preSolution
		HideSolutionNode = FALSE
	EndGlobalSection
	GlobalSection(ExtensibilityGlobals) = postSolution
		SolutionGuid = {A86BD002-97D9-4D24-8F7D-7FF887FA0E7D}
	EndGlobalSection
EndGlobal
